# THIS IS AN AUTOGENERATED FILE. DO NOT EDIT THIS FILE DIRECTLY.
# yarn lockfile v1


vue-router@^3.1.3:
  version "3.1.3"
  resolved "https://registry.yarnpkg.com/vue-router/-/vue-router-3.1.3.tgz#e6b14fabc0c0ee9fda0e2cbbda74b350e28e412b"
  integrity sha512-8iSa4mGNXBjyuSZFCCO4fiKfvzqk+mhL0lnKuGcQtO1eoj8nq3CmbEG8FwK5QqoqwDgsjsf1GDuisDX4cdb/aQ==

vueloader@^0.0.3:
  version "0.0.3"
  resolved "https://registry.yarnpkg.com/vueloader/-/vueloader-0.0.3.tgz#eaff48a8410960875998d776f6d51c42580119e3"
  integrity sha512-AyqLeCxCyKOd0oWU2UQXFuye7ER02l34ckCjusGPvm4mpeWywhF7Dn6nCpQqcpMBzrrC/xkx4WRBsSAmKR7w9g==
